
Microsoft Visual Studio Solution File, Format Version 12.00
# Visual Studio Version 17
VisualStudioVersion = 17.0.32112.339
MinimumVisualStudioVersion = 10.0.40219.1
Project("{FAE04EC0-301F-11D3-BF4B-00C04F79EFBC}") = "todoList", "todoList\todoList.csproj", "{3881E116-0F41-48D7-98B0-13452C89360F}"
EndProject
Global
	GlobalSection(SolutionConfigurationPlatforms) = preSolution
		Debug|Any CPU = Debug|Any CPU
		Release|Any CPU = Release|Any CPU
	EndGlobalSection
	GlobalSection(ProjectConfigurationPlatforms) = postSolution
		{3881E116-0F41-48D7-98B0-13452C89360F}.Debug|Any CPU.ActiveCfg = Debug|Any CPU
		{3881E116-0F41-48D7-98B0-13452C89360F}.Debug|Any CPU.Build.0 = Debug|Any CPU
		{3881E116-0F41-48D7-98B0-13452C89360F}.Release|Any CPU.ActiveCfg = Release|Any CPU
		{3881E116-0F41-48D7-98B0-13452C89360F}.Release|Any CPU.Build.0 = Release|Any CPU
	EndGlobalSection
	GlobalSection(SolutionProperties) = preSolution
		HideSolutionNode = FALSE
	EndGlobalSection
	GlobalSection(ExtensibilityGlobals) = postSolution
		SolutionGuid = {43182C4A-AB27-4B80-8B6D-6D7E8014590E}
	EndGlobalSection
EndGlobal
